
Microsoft Visual Studio Solution File, Format Version 12.00
# Visual Studio Version 17
VisualStudioVersion = 17.12.35514.174
MinimumVisualStudioVersion = 10.0.40219.1
Project("{2150E333-8FDC-42A3-9474-1A3956D46DE8}") = "Services", "Services", "{30EC6238-9AB4-4D78-A7FE-45D5DDF3F1F4}"
EndProject
Project("{2150E333-8FDC-42A3-9474-1A3956D46DE8}") = "Crawler", "Crawler", "{21A03CE5-AC8B-41E7-B93A-2D3274CC1571}"
EndProject
Project("{FAE04EC0-301F-11D3-BF4B-00C04F79EFBC}") = "CrawlerApi", "Services\Crawler\CrawlerApi\CrawlerApi.csproj", "{BC90E866-E96B-40EF-9BD6-E29813D949F8}"
EndProject
Project("{2150E333-8FDC-42A3-9474-1A3956D46DE8}") = "Core", "Core", "{3211E49A-CBC6-4D05-88BE-C5EE1B810175}"
EndProject
Project("{FAE04EC0-301F-11D3-BF4B-00C04F79EFBC}") = "Crawler.Application", "Services\Crawler\Core\Crawler.Application\Crawler.Application.csproj", "{95B52F77-5AF9-42FC-8EDB-514CC1F67C77}"
EndProject
Project("{FAE04EC0-301F-11D3-BF4B-00C04F79EFBC}") = "Crawler.Domain", "Services\Crawler\Core\Crawler.Domain\Crawler.Domain.csproj", "{D6EA4B78-8E64-4274-81D3-E62F3655E1AE}"
EndProject
Project("{2150E333-8FDC-42A3-9474-1A3956D46DE8}") = "Infrastructure", "Infrastructure", "{B9E1452A-C4BD-42D8-A828-C600DD5FA54F}"
EndProject
Project("{FAE04EC0-301F-11D3-BF4B-00C04F79EFBC}") = "Crawler.Infrastructure", "Services\Crawler\Infrastructure\Crawler.Infrastructure\Crawler.Infrastructure.csproj", "{81E541EF-E188-4A59-BC26-5E1BB713D9F4}"
EndProject
Project("{2150E333-8FDC-42A3-9474-1A3956D46DE8}") = "Elastic", "Elastic", "{CDF1FB55-B9D8-45EB-9DB5-F42271EA3C0D}"
EndProject
Project("{2150E333-8FDC-42A3-9474-1A3956D46DE8}") = "Presentation", "Presentation", "{AE2E0CC4-8CAE-4D01-B0A4-7B89BDEA3528}"
EndProject
Project("{2150E333-8FDC-42A3-9474-1A3956D46DE8}") = "Core", "Core", "{00130437-E1CF-4DFF-8B21-A1BF6D1167DF}"
EndProject
Project("{2150E333-8FDC-42A3-9474-1A3956D46DE8}") = "Infrastructure", "Infrastructure", "{EE968B5D-78C4-4E97-A76B-FD0E84107276}"
EndProject
Project("{FAE04EC0-301F-11D3-BF4B-00C04F79EFBC}") = "ElasticApi", "Services\Elastic\Presentation\ElasticApi\ElasticApi.csproj", "{D68EB04E-628C-4C37-AD8F-7C6291B2E2E7}"
EndProject
Project("{FAE04EC0-301F-11D3-BF4B-00C04F79EFBC}") = "Elastic.Domain", "Services\Elastic\Core\Elastic.Domain\Elastic.Domain.csproj", "{698C00F3-51A3-412E-9E3C-47D4D46BEF46}"
EndProject
Project("{FAE04EC0-301F-11D3-BF4B-00C04F79EFBC}") = "Elastic.Infrastructure", "Services\Elastic\Infrastructure\Elastic.Infrastructure\Elastic.Infrastructure.csproj", "{BE6E8929-A009-4F30-9B4C-071FCCAFDC95}"
EndProject
Project("{FAE04EC0-301F-11D3-BF4B-00C04F79EFBC}") = "Elastic.Application", "Services\Elastic\Core\Elastic.Application\Elastic.Application.csproj", "{0DC37924-FB39-4B12-8EEF-2DA99A37D28B}"
EndProject
Global
	GlobalSection(SolutionConfigurationPlatforms) = preSolution
		Debug|Any CPU = Debug|Any CPU
		Release|Any CPU = Release|Any CPU
	EndGlobalSection
	GlobalSection(ProjectConfigurationPlatforms) = postSolution
		{BC90E866-E96B-40EF-9BD6-E29813D949F8}.Debug|Any CPU.ActiveCfg = Debug|Any CPU
		{BC90E866-E96B-40EF-9BD6-E29813D949F8}.Debug|Any CPU.Build.0 = Debug|Any CPU
		{BC90E866-E96B-40EF-9BD6-E29813D949F8}.Release|Any CPU.ActiveCfg = Release|Any CPU
		{BC90E866-E96B-40EF-9BD6-E29813D949F8}.Release|Any CPU.Build.0 = Release|Any CPU
		{95B52F77-5AF9-42FC-8EDB-514CC1F67C77}.Debug|Any CPU.ActiveCfg = Debug|Any CPU
		{95B52F77-5AF9-42FC-8EDB-514CC1F67C77}.Debug|Any CPU.Build.0 = Debug|Any CPU
		{95B52F77-5AF9-42FC-8EDB-514CC1F67C77}.Release|Any CPU.ActiveCfg = Release|Any CPU
		{95B52F77-5AF9-42FC-8EDB-514CC1F67C77}.Release|Any CPU.Build.0 = Release|Any CPU
		{D6EA4B78-8E64-4274-81D3-E62F3655E1AE}.Debug|Any CPU.ActiveCfg = Debug|Any CPU
		{D6EA4B78-8E64-4274-81D3-E62F3655E1AE}.Debug|Any CPU.Build.0 = Debug|Any CPU
		{D6EA4B78-8E64-4274-81D3-E62F3655E1AE}.Release|Any CPU.ActiveCfg = Release|Any CPU
		{D6EA4B78-8E64-4274-81D3-E62F3655E1AE}.Release|Any CPU.Build.0 = Release|Any CPU
		{81E541EF-E188-4A59-BC26-5E1BB713D9F4}.Debug|Any CPU.ActiveCfg = Debug|Any CPU
		{81E541EF-E188-4A59-BC26-5E1BB713D9F4}.Debug|Any CPU.Build.0 = Debug|Any CPU
		{81E541EF-E188-4A59-BC26-5E1BB713D9F4}.Release|Any CPU.ActiveCfg = Release|Any CPU
		{81E541EF-E188-4A59-BC26-5E1BB713D9F4}.Release|Any CPU.Build.0 = Release|Any CPU
		{D68EB04E-628C-4C37-AD8F-7C6291B2E2E7}.Debug|Any CPU.ActiveCfg = Debug|Any CPU
		{D68EB04E-628C-4C37-AD8F-7C6291B2E2E7}.Debug|Any CPU.Build.0 = Debug|Any CPU
		{D68EB04E-628C-4C37-AD8F-7C6291B2E2E7}.Release|Any CPU.ActiveCfg = Release|Any CPU
		{D68EB04E-628C-4C37-AD8F-7C6291B2E2E7}.Release|Any CPU.Build.0 = Release|Any CPU
		{698C00F3-51A3-412E-9E3C-47D4D46BEF46}.Debug|Any CPU.ActiveCfg = Debug|Any CPU
		{698C00F3-51A3-412E-9E3C-47D4D46BEF46}.Debug|Any CPU.Build.0 = Debug|Any CPU
		{698C00F3-51A3-412E-9E3C-47D4D46BEF46}.Release|Any CPU.ActiveCfg = Release|Any CPU
		{698C00F3-51A3-412E-9E3C-47D4D46BEF46}.Release|Any CPU.Build.0 = Release|Any CPU
		{BE6E8929-A009-4F30-9B4C-071FCCAFDC95}.Debug|Any CPU.ActiveCfg = Debug|Any CPU
		{BE6E8929-A009-4F30-9B4C-071FCCAFDC95}.Debug|Any CPU.Build.0 = Debug|Any CPU
		{BE6E8929-A009-4F30-9B4C-071FCCAFDC95}.Release|Any CPU.ActiveCfg = Release|Any CPU
		{BE6E8929-A009-4F30-9B4C-071FCCAFDC95}.Release|Any CPU.Build.0 = Release|Any CPU
		{0DC37924-FB39-4B12-8EEF-2DA99A37D28B}.Debug|Any CPU.ActiveCfg = Debug|Any CPU
		{0DC37924-FB39-4B12-8EEF-2DA99A37D28B}.Debug|Any CPU.Build.0 = Debug|Any CPU
		{0DC37924-FB39-4B12-8EEF-2DA99A37D28B}.Release|Any CPU.ActiveCfg = Release|Any CPU
		{0DC37924-FB39-4B12-8EEF-2DA99A37D28B}.Release|Any CPU.Build.0 = Release|Any CPU
	EndGlobalSection
	GlobalSection(SolutionProperties) = preSolution
		HideSolutionNode = FALSE
	EndGlobalSection
	GlobalSection(NestedProjects) = preSolution
		{21A03CE5-AC8B-41E7-B93A-2D3274CC1571} = {30EC6238-9AB4-4D78-A7FE-45D5DDF3F1F4}
		{BC90E866-E96B-40EF-9BD6-E29813D949F8} = {21A03CE5-AC8B-41E7-B93A-2D3274CC1571}
		{3211E49A-CBC6-4D05-88BE-C5EE1B810175} = {21A03CE5-AC8B-41E7-B93A-2D3274CC1571}
		{95B52F77-5AF9-42FC-8EDB-514CC1F67C77} = {3211E49A-CBC6-4D05-88BE-C5EE1B810175}
		{D6EA4B78-8E64-4274-81D3-E62F3655E1AE} = {3211E49A-CBC6-4D05-88BE-C5EE1B810175}
		{B9E1452A-C4BD-42D8-A828-C600DD5FA54F} = {21A03CE5-AC8B-41E7-B93A-2D3274CC1571}
		{81E541EF-E188-4A59-BC26-5E1BB713D9F4} = {B9E1452A-C4BD-42D8-A828-C600DD5FA54F}
		{CDF1FB55-B9D8-45EB-9DB5-F42271EA3C0D} = {30EC6238-9AB4-4D78-A7FE-45D5DDF3F1F4}
		{AE2E0CC4-8CAE-4D01-B0A4-7B89BDEA3528} = {CDF1FB55-B9D8-45EB-9DB5-F42271EA3C0D}
		{00130437-E1CF-4DFF-8B21-A1BF6D1167DF} = {CDF1FB55-B9D8-45EB-9DB5-F42271EA3C0D}
		{EE968B5D-78C4-4E97-A76B-FD0E84107276} = {CDF1FB55-B9D8-45EB-9DB5-F42271EA3C0D}
		{D68EB04E-628C-4C37-AD8F-7C6291B2E2E7} = {AE2E0CC4-8CAE-4D01-B0A4-7B89BDEA3528}
		{698C00F3-51A3-412E-9E3C-47D4D46BEF46} = {00130437-E1CF-4DFF-8B21-A1BF6D1167DF}
		{BE6E8929-A009-4F30-9B4C-071FCCAFDC95} = {EE968B5D-78C4-4E97-A76B-FD0E84107276}
		{0DC37924-FB39-4B12-8EEF-2DA99A37D28B} = {00130437-E1CF-4DFF-8B21-A1BF6D1167DF}
	EndGlobalSection
EndGlobal
